
Microsoft Visual Studio Solution File, Format Version 12.00
# Visual Studio Version 17
VisualStudioVersion = 17.6.33723.286
MinimumVisualStudioVersion = 10.0.40219.1
Project("{FAE04EC0-301F-11D3-BF4B-00C04F79EFBC}") = "API", "API\API.csproj", "{DEEF591E-4CEA-4E1C-A725-69E870360CF2}"
EndProject
Global
	GlobalSection(SolutionConfigurationPlatforms) = preSolution
		Debug|Any CPU = Debug|Any CPU
		Release|Any CPU = Release|Any CPU
	EndGlobalSection
	GlobalSection(ProjectConfigurationPlatforms) = postSolution
		{DEEF591E-4CEA-4E1C-A725-69E870360CF2}.Debug|Any CPU.ActiveCfg = Debug|Any CPU
		{DEEF591E-4CEA-4E1C-A725-69E870360CF2}.Debug|Any CPU.Build.0 = Debug|Any CPU
		{DEEF591E-4CEA-4E1C-A725-69E870360CF2}.Release|Any CPU.ActiveCfg = Release|Any CPU
		{DEEF591E-4CEA-4E1C-A725-69E870360CF2}.Release|Any CPU.Build.0 = Release|Any CPU
	EndGlobalSection
	GlobalSection(SolutionProperties) = preSolution
		HideSolutionNode = FALSE
	EndGlobalSection
	GlobalSection(ExtensibilityGlobals) = postSolution
		SolutionGuid = {D41F1B3D-782B-4AF2-B9AB-95CBC5DC1F87}
	EndGlobalSection
EndGlobal
